
Microsoft Visual Studio Solution File, Format Version 12.00
# Visual Studio Version 17
VisualStudioVersion = 17.6.33815.320
MinimumVisualStudioVersion = 10.0.40219.1
Project("{FAE04EC0-301F-11D3-BF4B-00C04F79EFBC}") = "ContosoPizza2", "ContosoPizza2\ContosoPizza2.csproj", "{A2EC3D94-E0BF-4E2C-993C-7C1CB07CC3BF}"
EndProject
Global
	GlobalSection(SolutionConfigurationPlatforms) = preSolution
		Debug|Any CPU = Debug|Any CPU
		Release|Any CPU = Release|Any CPU
	EndGlobalSection
	GlobalSection(ProjectConfigurationPlatforms) = postSolution
		{A2EC3D94-E0BF-4E2C-993C-7C1CB07CC3BF}.Debug|Any CPU.ActiveCfg = Debug|Any CPU
		{A2EC3D94-E0BF-4E2C-993C-7C1CB07CC3BF}.Debug|Any CPU.Build.0 = Debug|Any CPU
		{A2EC3D94-E0BF-4E2C-993C-7C1CB07CC3BF}.Release|Any CPU.ActiveCfg = Release|Any CPU
		{A2EC3D94-E0BF-4E2C-993C-7C1CB07CC3BF}.Release|Any CPU.Build.0 = Release|Any CPU
	EndGlobalSection
	GlobalSection(SolutionProperties) = preSolution
		HideSolutionNode = FALSE
	EndGlobalSection
	GlobalSection(ExtensibilityGlobals) = postSolution
		SolutionGuid = {44E5051D-D3A1-4093-B7E9-2AB894AB2AED}
	EndGlobalSection
EndGlobal
